<Solution>
  <Folder Name="/.github/">
    <File Path="../.github/copilot-instructions.md" />
  </Folder>
  <Configurations>
    <BuildType Name="Release" />
  </Configurations>
  <Project Path="FluffyUI/FluffyUI.csproj" />
  <Project Path="ModManager/ModManager.csproj" />
  <Project Path="ColourPicker/ColourPicker.csproj" />
</Solution>